{
  "version": 4,
  "terraform_version": "1.7.3",
  "serial": 7,
  "lineage": "009ca919-e5fc-6d31-3f70-536db8cc4cc7",
  "outputs": {},
  "resources": [
    {
      "module": "module.dev",
      "mode": "managed",
      "type": "aws_ebs_snapshot",
      "name": "example_snapshot",
      "provider": "module.dev.provider[\"registry.terraform.io/hashicorp/aws\"]",
      "instances": [
        {
          "schema_version": 0,
          "attributes": {
            "arn": "arn:aws:ec2:us-east-1::snapshot/snap-0a1b64e2fbbbcbefb",
            "data_encryption_key_id": "",
            "description": "",
            "encrypted": false,
            "id": "snap-0a1b64e2fbbbcbefb",
            "kms_key_id": "",
            "outpost_arn": "",
            "owner_alias": "",
            "owner_id": "801328421558",
            "permanent_restore": null,
            "storage_tier": "standard",
            "tags": {
              "Name": "for volume"
            },
            "tags_all": {
              "Name": "for volume"
            },
            "temporary_restore_days": null,
            "timeouts": null,
            "volume_id": "vol-071c55fa3f478e035",
            "volume_size": 40
          },
          "sensitive_attributes": [],
          "private": "eyJlMmJmYjczMC1lY2FhLTExZTYtOGY4OC0zNDM2M2JjN2M0YzAiOnsiY3JlYXRlIjo2MDAwMDAwMDAwMDAsImRlbGV0ZSI6NjAwMDAwMDAwMDAwfX0=",
          "dependencies": [
            "module.dev.aws_ebs_volume.example"
          ]
        }
      ]
    },
    {
      "module": "module.dev",
      "mode": "managed",
      "type": "aws_ebs_volume",
      "name": "example",
      "provider": "module.dev.provider[\"registry.terraform.io/hashicorp/aws\"]",
      "instances": [
        {
          "schema_version": 0,
          "attributes": {
            "arn": "arn:aws:ec2:us-east-1:801328421558:volume/vol-071c55fa3f478e035",
            "availability_zone": "us-east-1a",
            "encrypted": false,
            "final_snapshot": false,
            "id": "vol-071c55fa3f478e035",
            "iops": 120,
            "kms_key_id": "",
            "multi_attach_enabled": false,
            "outpost_arn": "",
            "size": 40,
            "snapshot_id": "",
            "tags": {
              "Name": "HelloWorld"
            },
            "tags_all": {
              "Name": "HelloWorld"
            },
            "throughput": 0,
            "timeouts": null,
            "type": "gp2"
          },
          "sensitive_attributes": [],
          "private": "eyJlMmJmYjczMC1lY2FhLTExZTYtOGY4OC0zNDM2M2JjN2M0YzAiOnsiY3JlYXRlIjozMDAwMDAwMDAwMDAsImRlbGV0ZSI6MzAwMDAwMDAwMDAwLCJ1cGRhdGUiOjMwMDAwMDAwMDAwMH19"
        }
      ]
    },
    {
      "module": "module.dev",
      "mode": "managed",
      "type": "aws_instance",
      "name": "this",
      "provider": "module.dev.provider[\"registry.terraform.io/hashicorp/aws\"]",
      "instances": [
        {
          "index_key": 0,
          "schema_version": 1,
          "attributes": {
            "ami": "ami-0d2e2d99a673fca16",
            "arn": "arn:aws:ec2:us-east-1:801328421558:instance/i-002761ad6ffc7c2ef",
            "associate_public_ip_address": true,
            "availability_zone": "us-east-1a",
            "capacity_reservation_specification": [
              {
                "capacity_reservation_preference": "open",
                "capacity_reservation_target": []
              }
            ],
            "cpu_core_count": 1,
            "cpu_options": [
              {
                "amd_sev_snp": "",
                "core_count": 1,
                "threads_per_core": 1
              }
            ],
            "cpu_threads_per_core": 1,
            "credit_specification": [
              {
                "cpu_credits": "standard"
              }
            ],
            "disable_api_stop": false,
            "disable_api_termination": true,
            "ebs_block_device": [],
            "ebs_optimized": false,
            "enclave_options": [
              {
                "enabled": false
              }
            ],
            "ephemeral_block_device": [],
            "get_password_data": false,
            "hibernation": false,
            "host_id": "",
            "host_resource_group_arn": null,
            "iam_instance_profile": "",
            "id": "i-002761ad6ffc7c2ef",
            "instance_initiated_shutdown_behavior": "stop",
            "instance_lifecycle": "",
            "instance_market_options": [],
            "instance_state": "running",
            "instance_type": "t2.micro",
            "ipv6_address_count": 0,
            "ipv6_addresses": [],
            "key_name": "NVanupDelete",
            "launch_template": [],
            "maintenance_options": [
              {
                "auto_recovery": "default"
              }
            ],
            "metadata_options": [
              {
                "http_endpoint": "enabled",
                "http_protocol_ipv6": "disabled",
                "http_put_response_hop_limit": 2,
                "http_tokens": "required",
                "instance_metadata_tags": "disabled"
              }
            ],
            "monitoring": false,
            "network_interface": [],
            "outpost_arn": "",
            "password_data": "",
            "placement_group": "",
            "placement_partition_number": 0,
            "primary_network_interface_id": "eni-00c484f7cf7d58c90",
            "private_dns": "ip-172-31-29-122.ec2.internal",
            "private_dns_name_options": [
              {
                "enable_resource_name_dns_a_record": false,
                "enable_resource_name_dns_aaaa_record": false,
                "hostname_type": "ip-name"
              }
            ],
            "private_ip": "172.31.29.122",
            "public_dns": "ec2-54-226-83-74.compute-1.amazonaws.com",
            "public_ip": "54.226.83.74",
            "root_block_device": [
              {
                "delete_on_termination": true,
                "device_name": "/dev/xvda",
                "encrypted": false,
                "iops": 3000,
                "kms_key_id": "",
                "tags": {},
                "throughput": 125,
                "volume_id": "vol-0b1d251c3c869b1d9",
                "volume_size": 8,
                "volume_type": "gp3"
              }
            ],
            "secondary_private_ips": [],
            "security_groups": [
              "sg-0e0c5e2ada8c28466"
            ],
            "source_dest_check": true,
            "spot_instance_request_id": "",
            "subnet_id": "subnet-0f3df99cfc27c92c8",
            "tags": {
              "purpose": "demo purposes"
            },
            "tags_all": {
              "purpose": "demo purposes"
            },
            "tenancy": "default",
            "timeouts": null,
            "user_data": "b86f9afa9deca46fcf0b44b083397cd51a181228",
            "user_data_base64": null,
            "user_data_replace_on_change": false,
            "volume_tags": null,
            "vpc_security_group_ids": [
              "sg-0e0c5e2ada8c28466"
            ]
          },
          "sensitive_attributes": [],
          "private": "eyJlMmJmYjczMC1lY2FhLTExZTYtOGY4OC0zNDM2M2JjN2M0YzAiOnsiY3JlYXRlIjo2MDAwMDAwMDAwMDAsImRlbGV0ZSI6MTIwMDAwMDAwMDAwMCwidXBkYXRlIjo2MDAwMDAwMDAwMDB9LCJzY2hlbWFfdmVyc2lvbiI6IjEifQ=="
        }
      ]
    },
    {
      "module": "module.dev",
      "mode": "managed",
      "type": "aws_vpc",
      "name": "vpc1",
      "provider": "module.dev.provider[\"registry.terraform.io/hashicorp/aws\"]",
      "instances": [
        {
          "schema_version": 1,
          "attributes": {
            "arn": "arn:aws:ec2:us-east-1:801328421558:vpc/vpc-0c350227bc5f7e9b9",
            "assign_generated_ipv6_cidr_block": false,
            "cidr_block": "10.0.0.0/16",
            "default_network_acl_id": "acl-0fa680db487c8edc1",
            "default_route_table_id": "rtb-031ca58de29f5b6d1",
            "default_security_group_id": "sg-0294639cebb651db5",
            "dhcp_options_id": "dopt-09ec2538c08dcf244",
            "enable_dns_hostnames": false,
            "enable_dns_support": true,
            "enable_network_address_usage_metrics": false,
            "id": "vpc-0c350227bc5f7e9b9",
            "instance_tenancy": "default",
            "ipv4_ipam_pool_id": null,
            "ipv4_netmask_length": null,
            "ipv6_association_id": "",
            "ipv6_cidr_block": "",
            "ipv6_cidr_block_network_border_group": "",
            "ipv6_ipam_pool_id": "",
            "ipv6_netmask_length": 0,
            "main_route_table_id": "rtb-031ca58de29f5b6d1",
            "owner_id": "801328421558",
            "tags": null,
            "tags_all": {}
          },
          "sensitive_attributes": [],
          "private": "eyJzY2hlbWFfdmVyc2lvbiI6IjEifQ=="
        }
      ]
    }
  ],
  "check_results": null
}
